// !$*UTF8*$!
{
	archiveVersion = 1;
	classes = {
	};
	objectVersion = 56;
	objects = {

/* Begin PBXBuildFile section */
		07443AF829BB817900959604 /* DessertRecipesApp.swift in Sources */ = {isa = PBXBuildFile; fileRef = 07443AF729BB817900959604 /* DessertRecipesApp.swift */; };
		07443AF929BB817900959604 /* DessertRecipesApp.swift in Sources */ = {isa = PBXBuildFile; fileRef = 07443AF729BB817900959604 /* DessertRecipesApp.swift */; };
		07443AFA29BB817900959604 /* DessertRecipesApp.swift in Sources */ = {isa = PBXBuildFile; fileRef = 07443AF729BB817900959604 /* DessertRecipesApp.swift */; };
		07443AFC29BB906600959604 /* NetworkService.swift in Sources */ = {isa = PBXBuildFile; fileRef = 07443AFB29BB906600959604 /* NetworkService.swift */; };
		07443AFD29BB906600959604 /* NetworkService.swift in Sources */ = {isa = PBXBuildFile; fileRef = 07443AFB29BB906600959604 /* NetworkService.swift */; };
		07443AFE29BB906600959604 /* NetworkService.swift in Sources */ = {isa = PBXBuildFile; fileRef = 07443AFB29BB906600959604 /* NetworkService.swift */; };
		07443B0029BB912500959604 /* DataService.swift in Sources */ = {isa = PBXBuildFile; fileRef = 07443AFF29BB912500959604 /* DataService.swift */; };
		07443B0129BB912500959604 /* DataService.swift in Sources */ = {isa = PBXBuildFile; fileRef = 07443AFF29BB912500959604 /* DataService.swift */; };
		07443B0229BB912500959604 /* DataService.swift in Sources */ = {isa = PBXBuildFile; fileRef = 07443AFF29BB912500959604 /* DataService.swift */; };
		079F60F329B971B500D92CEE /* Assets.xcassets in Resources */ = {isa = PBXBuildFile; fileRef = 079F60F229B971B500D92CEE /* Assets.xcassets */; };
		079F60F629B971B500D92CEE /* Preview Assets.xcassets in Resources */ = {isa = PBXBuildFile; fileRef = 079F60F529B971B500D92CEE /* Preview Assets.xcassets */; };
		079F610029B971B600D92CEE /* DessertRecipesTests.swift in Sources */ = {isa = PBXBuildFile; fileRef = 079F60FF29B971B600D92CEE /* DessertRecipesTests.swift */; };
		079F610A29B971B600D92CEE /* DessertRecipesUITests.swift in Sources */ = {isa = PBXBuildFile; fileRef = 079F610929B971B600D92CEE /* DessertRecipesUITests.swift */; };
		079F610C29B971B600D92CEE /* DessertRecipesUITestsLaunchTests.swift in Sources */ = {isa = PBXBuildFile; fileRef = 079F610B29B971B600D92CEE /* DessertRecipesUITestsLaunchTests.swift */; };
		079F611E29B971D800D92CEE /* Dessert.swift in Sources */ = {isa = PBXBuildFile; fileRef = 079F611929B971D700D92CEE /* Dessert.swift */; };
		079F611F29B971D800D92CEE /* DessertDetails.swift in Sources */ = {isa = PBXBuildFile; fileRef = 079F611A29B971D800D92CEE /* DessertDetails.swift */; };
		079F612029B971D800D92CEE /* DessertStore.swift in Sources */ = {isa = PBXBuildFile; fileRef = 079F611B29B971D800D92CEE /* DessertStore.swift */; };
		079F612129B971D800D92CEE /* DessertList.swift in Sources */ = {isa = PBXBuildFile; fileRef = 079F611C29B971D800D92CEE /* DessertList.swift */; };
		079F612529B9722500D92CEE /* UtilityExtensions.swift in Sources */ = {isa = PBXBuildFile; fileRef = 079F612429B9722500D92CEE /* UtilityExtensions.swift */; };
/* End PBXBuildFile section */

/* Begin PBXContainerItemProxy section */
		079F60FC29B971B600D92CEE /* PBXContainerItemProxy */ = {
			isa = PBXContainerItemProxy;
			containerPortal = 079F60E329B971B400D92CEE /* Project object */;
			proxyType = 1;
			remoteGlobalIDString = 079F60EA29B971B400D92CEE;
			remoteInfo = DessertRecipes;
		};
		079F610629B971B600D92CEE /* PBXContainerItemProxy */ = {
			isa = PBXContainerItemProxy;
			containerPortal = 079F60E329B971B400D92CEE /* Project object */;
			proxyType = 1;
			remoteGlobalIDString = 079F60EA29B971B400D92CEE;
			remoteInfo = DessertRecipes;
		};
/* End PBXContainerItemProxy section */

/* Begin PBXFileReference section */
		07443AF729BB817900959604 /* DessertRecipesApp.swift */ = {isa = PBXFileReference; fileEncoding = 4; lastKnownFileType = sourcecode.swift; path = DessertRecipesApp.swift; sourceTree = "<group>"; };
		07443AFB29BB906600959604 /* NetworkService.swift */ = {isa = PBXFileReference; lastKnownFileType = sourcecode.swift; path = NetworkService.swift; sourceTree = "<group>"; };
		07443AFF29BB912500959604 /* DataService.swift */ = {isa = PBXFileReference; lastKnownFileType = sourcecode.swift; path = DataService.swift; sourceTree = "<group>"; };
		079F60EB29B971B400D92CEE /* DessertRecipes.app */ = {isa = PBXFileReference; explicitFileType = wrapper.application; includeInIndex = 0; path = DessertRecipes.app; sourceTree = BUILT_PRODUCTS_DIR; };
		079F60F229B971B500D92CEE /* Assets.xcassets */ = {isa = PBXFileReference; lastKnownFileType = folder.assetcatalog; path = Assets.xcassets; sourceTree = "<group>"; };
		079F60F529B971B500D92CEE /* Preview Assets.xcassets */ = {isa = PBXFileReference; lastKnownFileType = folder.assetcatalog; path = "Preview Assets.xcassets"; sourceTree = "<group>"; };
		079F60FB29B971B600D92CEE /* DessertRecipesTests.xctest */ = {isa = PBXFileReference; explicitFileType = wrapper.cfbundle; includeInIndex = 0; path = DessertRecipesTests.xctest; sourceTree = BUILT_PRODUCTS_DIR; };
		079F60FF29B971B600D92CEE /* DessertRecipesTests.swift */ = {isa = PBXFileReference; lastKnownFileType = sourcecode.swift; path = DessertRecipesTests.swift; sourceTree = "<group>"; };
		079F610529B971B600D92CEE /* DessertRecipesUITests.xctest */ = {isa = PBXFileReference; explicitFileType = wrapper.cfbundle; includeInIndex = 0; path = DessertRecipesUITests.xctest; sourceTree = BUILT_PRODUCTS_DIR; };
		079F610929B971B600D92CEE /* DessertRecipesUITests.swift */ = {isa = PBXFileReference; lastKnownFileType = sourcecode.swift; path = DessertRecipesUITests.swift; sourceTree = "<group>"; };
		079F610B29B971B600D92CEE /* DessertRecipesUITestsLaunchTests.swift */ = {isa = PBXFileReference; lastKnownFileType = sourcecode.swift; path = DessertRecipesUITestsLaunchTests.swift; sourceTree = "<group>"; };
		079F611929B971D700D92CEE /* Dessert.swift */ = {isa = PBXFileReference; fileEncoding = 4; lastKnownFileType = sourcecode.swift; path = Dessert.swift; sourceTree = "<group>"; };
		079F611A29B971D800D92CEE /* DessertDetails.swift */ = {isa = PBXFileReference; fileEncoding = 4; lastKnownFileType = sourcecode.swift; path = DessertDetails.swift; sourceTree = "<group>"; };
		079F611B29B971D800D92CEE /* DessertStore.swift */ = {isa = PBXFileReference; fileEncoding = 4; lastKnownFileType = sourcecode.swift; path = DessertStore.swift; sourceTree = "<group>"; };
		079F611C29B971D800D92CEE /* DessertList.swift */ = {isa = PBXFileReference; fileEncoding = 4; lastKnownFileType = sourcecode.swift; path = DessertList.swift; sourceTree = "<group>"; };
		079F612429B9722500D92CEE /* UtilityExtensions.swift */ = {isa = PBXFileReference; fileEncoding = 4; lastKnownFileType = sourcecode.swift; path = UtilityExtensions.swift; sourceTree = "<group>"; };
/* End PBXFileReference section */

/* Begin PBXFrameworksBuildPhase section */
		079F60E829B971B400D92CEE /* Frameworks */ = {
			isa = PBXFrameworksBuildPhase;
			buildActionMask = 2147483647;
			files = (
			);
			runOnlyForDeploymentPostprocessing = 0;
		};
		079F60F829B971B600D92CEE /* Frameworks */ = {
			isa = PBXFrameworksBuildPhase;
			buildActionMask = 2147483647;
			files = (
			);
			runOnlyForDeploymentPostprocessing = 0;
		};
		079F610229B971B600D92CEE /* Frameworks */ = {
			isa = PBXFrameworksBuildPhase;
			buildActionMask = 2147483647;
			files = (
			);
			runOnlyForDeploymentPostprocessing = 0;
		};
/* End PBXFrameworksBuildPhase section */

/* Begin PBXGroup section */
		079F60E229B971B400D92CEE = {
			isa = PBXGroup;
			children = (
				079F60ED29B971B400D92CEE /* DessertRecipes */,
				079F60FE29B971B600D92CEE /* DessertRecipesTests */,
				079F610829B971B600D92CEE /* DessertRecipesUITests */,
				079F60EC29B971B400D92CEE /* Products */,
			);
			sourceTree = "<group>";
		};
		079F60EC29B971B400D92CEE /* Products */ = {
			isa = PBXGroup;
			children = (
				079F60EB29B971B400D92CEE /* DessertRecipes.app */,
				079F60FB29B971B600D92CEE /* DessertRecipesTests.xctest */,
				079F610529B971B600D92CEE /* DessertRecipesUITests.xctest */,
			);
			name = Products;
			sourceTree = "<group>";
		};
		079F60ED29B971B400D92CEE /* DessertRecipes */ = {
			isa = PBXGroup;
			children = (
				07443AF729BB817900959604 /* DessertRecipesApp.swift */,
				079F611929B971D700D92CEE /* Dessert.swift */,
				079F611C29B971D800D92CEE /* DessertList.swift */,
				079F611A29B971D800D92CEE /* DessertDetails.swift */,
				079F611B29B971D800D92CEE /* DessertStore.swift */,
				07443AFB29BB906600959604 /* NetworkService.swift */,
				07443AFF29BB912500959604 /* DataService.swift */,
				079F612429B9722500D92CEE /* UtilityExtensions.swift */,
				079F60F229B971B500D92CEE /* Assets.xcassets */,
				079F60F429B971B500D92CEE /* Preview Content */,
			);
			path = DessertRecipes;
			sourceTree = "<group>";
		};
		079F60F429B971B500D92CEE /* Preview Content */ = {
			isa = PBXGroup;
			children = (
				079F60F529B971B500D92CEE /* Preview Assets.xcassets */,
			);
			path = "Preview Content";
			sourceTree = "<group>";
		};
		079F60FE29B971B600D92CEE /* DessertRecipesTests */ = {
			isa = PBXGroup;
			children = (
				079F60FF29B971B600D92CEE /* DessertRecipesTests.swift */,
			);
			path = DessertRecipesTests;
			sourceTree = "<group>";
		};
		079F610829B971B600D92CEE /* DessertRecipesUITests */ = {
			isa = PBXGroup;
			children = (
				079F610929B971B600D92CEE /* DessertRecipesUITests.swift */,
				079F610B29B971B600D92CEE /* DessertRecipesUITestsLaunchTests.swift */,
			);
			path = DessertRecipesUITests;
			sourceTree = "<group>";
		};
/* End PBXGroup section */

/* Begin PBXNativeTarget section */
		079F60EA29B971B400D92CEE /* DessertRecipes */ = {
			isa = PBXNativeTarget;
			buildConfigurationList = 079F610F29B971B600D92CEE /* Build configuration list for PBXNativeTarget "DessertRecipes" */;
			buildPhases = (
				079F60E729B971B400D92CEE /* Sources */,
				079F60E829B971B400D92CEE /* Frameworks */,
				079F60E929B971B400D92CEE /* Resources */,
			);
			buildRules = (
			);
			dependencies = (
			);
			name = DessertRecipes;
			productName = DessertRecipes;
			productReference = 079F60EB29B971B400D92CEE /* DessertRecipes.app */;
			productType = "com.apple.product-type.application";
		};
		079F60FA29B971B600D92CEE /* DessertRecipesTests */ = {
			isa = PBXNativeTarget;
			buildConfigurationList = 079F611229B971B600D92CEE /* Build configuration list for PBXNativeTarget "DessertRecipesTests" */;
			buildPhases = (
				079F60F729B971B600D92CEE /* Sources */,
				079F60F829B971B600D92CEE /* Frameworks */,
				079F60F929B971B600D92CEE /* Resources */,
			);
			buildRules = (
			);
			dependencies = (
				079F60FD29B971B600D92CEE /* PBXTargetDependency */,
			);
			name = DessertRecipesTests;
			productName = DessertRecipesTests;
			productReference = 079F60FB29B971B600D92CEE /* DessertRecipesTests.xctest */;
			productType = "com.apple.product-type.bundle.unit-test";
		};
		079F610429B971B600D92CEE /* DessertRecipesUITests */ = {
			isa = PBXNativeTarget;
			buildConfigurationList = 079F611529B971B600D92CEE /* Build configuration list for PBXNativeTarget "DessertRecipesUITests" */;
			buildPhases = (
				079F610129B971B600D92CEE /* Sources */,
				079F610229B971B600D92CEE /* Frameworks */,
				079F610329B971B600D92CEE /* Resources */,
			);
			buildRules = (
			);
			dependencies = (
				079F610729B971B600D92CEE /* PBXTargetDependency */,
			);
			name = DessertRecipesUITests;
			productName = DessertRecipesUITests;
			productReference = 079F610529B971B600D92CEE /* DessertRecipesUITests.xctest */;
			productType = "com.apple.product-type.bundle.ui-testing";
		};
/* End PBXNativeTarget section */

/* Begin PBXProject section */
		079F60E329B971B400D92CEE /* Project object */ = {
			isa = PBXProject;
			attributes = {
				BuildIndependentTargetsInParallel = 1;
				LastSwiftUpdateCheck = 1420;
				LastUpgradeCheck = 1420;
				TargetAttributes = {
					079F60EA29B971B400D92CEE = {
						CreatedOnToolsVersion = 14.2;
					};
					079F60FA29B971B600D92CEE = {
						CreatedOnToolsVersion = 14.2;
						TestTargetID = 079F60EA29B971B400D92CEE;
					};
					079F610429B971B600D92CEE = {
						CreatedOnToolsVersion = 14.2;
						TestTargetID = 079F60EA29B971B400D92CEE;
					};
				};
			};
			buildConfigurationList = 079F60E629B971B400D92CEE /* Build configuration list for PBXProject "DessertRecipes" */;
			compatibilityVersion = "Xcode 14.0";
			developmentRegion = en;
			hasScannedForEncodings = 0;
			knownRegions = (
				en,
				Base,
			);
			mainGroup = 079F60E229B971B400D92CEE;
			productRefGroup = 079F60EC29B971B400D92CEE /* Products */;
			projectDirPath = "";
			projectRoot = "";
			targets = (
				079F60EA29B971B400D92CEE /* DessertRecipes */,
				079F60FA29B971B600D92CEE /* DessertRecipesTests */,
				079F610429B971B600D92CEE /* DessertRecipesUITests */,
			);
		};
/* End PBXProject section */

/* Begin PBXResourcesBuildPhase section */
		079F60E929B971B400D92CEE /* Resources */ = {
			isa = PBXResourcesBuildPhase;
			buildActionMask = 2147483647;
			files = (
				079F60F629B971B500D92CEE /* Preview Assets.xcassets in Resources */,
				079F60F329B971B500D92CEE /* Assets.xcassets in Resources */,
			);
			runOnlyForDeploymentPostprocessing = 0;
		};
		079F60F929B971B600D92CEE /* Resources */ = {
			isa = PBXResourcesBuildPhase;
			buildActionMask = 2147483647;
			files = (
			);
			runOnlyForDeploymentPostprocessing = 0;
		};
		079F610329B971B600D92CEE /* Resources */ = {
			isa = PBXResourcesBuildPhase;
			buildActionMask = 2147483647;
			files = (
			);
			runOnlyForDeploymentPostprocessing = 0;
		};
/* End PBXResourcesBuildPhase section */

/* Begin PBXSourcesBuildPhase section */
		079F60E729B971B400D92CEE /* Sources */ = {
			isa = PBXSourcesBuildPhase;
			buildActionMask = 2147483647;
			files = (
				07443AF829BB817900959604 /* DessertRecipesApp.swift in Sources */,
				079F612029B971D800D92CEE /* DessertStore.swift in Sources */,
				079F612529B9722500D92CEE /* UtilityExtensions.swift in Sources */,
				079F611F29B971D800D92CEE /* DessertDetails.swift in Sources */,
				079F612129B971D800D92CEE /* DessertList.swift in Sources */,
				079F611E29B971D800D92CEE /* Dessert.swift in Sources */,
				07443AFC29BB906600959604 /* NetworkService.swift in Sources */,
				07443B0029BB912500959604 /* DataService.swift in Sources */,
			);
			runOnlyForDeploymentPostprocessing = 0;
		};
		079F60F729B971B600D92CEE /* Sources */ = {
			isa = PBXSourcesBuildPhase;
			buildActionMask = 2147483647;
			files = (
				07443AF929BB817900959604 /* DessertRecipesApp.swift in Sources */,
				07443AFD29BB906600959604 /* NetworkService.swift in Sources */,
				079F610029B971B600D92CEE /* DessertRecipesTests.swift in Sources */,
				07443B0129BB912500959604 /* DataService.swift in Sources */,
			);
			runOnlyForDeploymentPostprocessing = 0;
		};
		079F610129B971B600D92CEE /* Sources */ = {
			isa = PBXSourcesBuildPhase;
			buildActionMask = 2147483647;
			files = (
				07443AFA29BB817900959604 /* DessertRecipesApp.swift in Sources */,
				079F610A29B971B600D92CEE /* DessertRecipesUITests.swift in Sources */,
				07443AFE29BB906600959604 /* NetworkService.swift in Sources */,
				079F610C29B971B600D92CEE /* DessertRecipesUITestsLaunchTests.swift in Sources */,
				07443B0229BB912500959604 /* DataService.swift in Sources */,
			);
			runOnlyForDeploymentPostprocessing = 0;
		};
/* End PBXSourcesBuildPhase section */

/* Begin PBXTargetDependency section */
		079F60FD29B971B600D92CEE /* PBXTargetDependency */ = {
			isa = PBXTargetDependency;
			target = 079F60EA29B971B400D92CEE /* DessertRecipes */;
			targetProxy = 079F60FC29B971B600D92CEE /* PBXContainerItemProxy */;
		};
		079F610729B971B600D92CEE /* PBXTargetDependency */ = {
			isa = PBXTargetDependency;
			target = 079F60EA29B971B400D92CEE /* DessertRecipes */;
			targetProxy = 079F610629B971B600D92CEE /* PBXContainerItemProxy */;
		};
/* End PBXTargetDependency section */

/* Begin XCBuildConfiguration section */
		079F610D29B971B600D92CEE /* Debug */ = {
			isa = XCBuildConfiguration;
			buildSettings = {
				ALWAYS_SEARCH_USER_PATHS = NO;
				CLANG_ANALYZER_NONNULL = YES;
				CLANG_ANALYZER_NUMBER_OBJECT_CONVERSION = YES_AGGRESSIVE;
				CLANG_CXX_LANGUAGE_STANDARD = "gnu++20";
				CLANG_ENABLE_MODULES = YES;
				CLANG_ENABLE_OBJC_ARC = YES;
				CLANG_ENABLE_OBJC_WEAK = YES;
				CLANG_WARN_BLOCK_CAPTURE_AUTORELEASING = YES;
				CLANG_WARN_BOOL_CONVERSION = YES;
				CLANG_WARN_COMMA = YES;
				CLANG_WARN_CONSTANT_CONVERSION = YES;
				CLANG_WARN_DEPRECATED_OBJC_IMPLEMENTATIONS = YES;
				CLANG_WARN_DIRECT_OBJC_ISA_USAGE = YES_ERROR;
				CLANG_WARN_DOCUMENTATION_COMMENTS = YES;
				CLANG_WARN_EMPTY_BODY = YES;
				CLANG_WARN_ENUM_CONVERSION = YES;
				CLANG_WARN_INFINITE_RECURSION = YES;
				CLANG_WARN_INT_CONVERSION = YES;
				CLANG_WARN_NON_LITERAL_NULL_CONVERSION = YES;
				CLANG_WARN_OBJC_IMPLICIT_RETAIN_SELF = YES;
				CLANG_WARN_OBJC_LITERAL_CONVERSION = YES;
				CLANG_WARN_OBJC_ROOT_CLASS = YES_ERROR;
				CLANG_WARN_QUOTED_INCLUDE_IN_FRAMEWORK_HEADER = YES;
				CLANG_WARN_RANGE_LOOP_ANALYSIS = YES;
				CLANG_WARN_STRICT_PROTOTYPES = YES;
				CLANG_WARN_SUSPICIOUS_MOVE = YES;
				CLANG_WARN_UNGUARDED_AVAILABILITY = YES_AGGRESSIVE;
				CLANG_WARN_UNREACHABLE_CODE = YES;
				CLANG_WARN__DUPLICATE_METHOD_MATCH = YES;
				COPY_PHASE_STRIP = NO;
				DEBUG_INFORMATION_FORMAT = dwarf;
				ENABLE_STRICT_OBJC_MSGSEND = YES;
				ENABLE_TESTABILITY = YES;
				GCC_C_LANGUAGE_STANDARD = gnu11;
				GCC_DYNAMIC_NO_PIC = NO;
				GCC_NO_COMMON_BLOCKS = YES;
				GCC_OPTIMIZATION_LEVEL = 0;
				GCC_PREPROCESSOR_DEFINITIONS = (
					"DEBUG=1",
					"$(inherited)",
				);
				GCC_WARN_64_TO_32_BIT_CONVERSION = YES;
				GCC_WARN_ABOUT_RETURN_TYPE = YES_ERROR;
				GCC_WARN_UNDECLARED_SELECTOR = YES;
				GCC_WARN_UNINITIALIZED_AUTOS = YES_AGGRESSIVE;
				GCC_WARN_UNUSED_FUNCTION = YES;
				GCC_WARN_UNUSED_VARIABLE = YES;
				IPHONEOS_DEPLOYMENT_TARGET = 16.2;
				MTL_ENABLE_DEBUG_INFO = INCLUDE_SOURCE;
				MTL_FAST_MATH = YES;
				ONLY_ACTIVE_ARCH = YES;
				SDKROOT = iphoneos;
				SWIFT_ACTIVE_COMPILATION_CONDITIONS = DEBUG;
				SWIFT_OPTIMIZATION_LEVEL = "-Onone";
			};
			name = Debug;
		};
		079F610E29B971B600D92CEE /* Release */ = {
			isa = XCBuildConfiguration;
			buildSettings = {
				ALWAYS_SEARCH_USER_PATHS = NO;
				CLANG_ANALYZER_NONNULL = YES;
				CLANG_ANALYZER_NUMBER_OBJECT_CONVERSION = YES_AGGRESSIVE;
				CLANG_CXX_LANGUAGE_STANDARD = "gnu++20";
				CLANG_ENABLE_MODULES = YES;
				CLANG_ENABLE_OBJC_ARC = YES;
				CLANG_ENABLE_OBJC_WEAK = YES;
				CLANG_WARN_BLOCK_CAPTURE_AUTORELEASING = YES;
				CLANG_WARN_BOOL_CONVERSION = YES;
				CLANG_WARN_COMMA = YES;
				CLANG_WARN_CONSTANT_CONVERSION = YES;
				CLANG_WARN_DEPRECATED_OBJC_IMPLEMENTATIONS = YES;
				CLANG_WARN_DIRECT_OBJC_ISA_USAGE = YES_ERROR;
				CLANG_WARN_DOCUMENTATION_COMMENTS = YES;
				CLANG_WARN_EMPTY_BODY = YES;
				CLANG_WARN_ENUM_CONVERSION = YES;
				CLANG_WARN_INFINITE_RECURSION = YES;
				CLANG_WARN_INT_CONVERSION = YES;
				CLANG_WARN_NON_LITERAL_NULL_CONVERSION = YES;
				CLANG_WARN_OBJC_IMPLICIT_RETAIN_SELF = YES;
				CLANG_WARN_OBJC_LITERAL_CONVERSION = YES;
				CLANG_WARN_OBJC_ROOT_CLASS = YES_ERROR;
				CLANG_WARN_QUOTED_INCLUDE_IN_FRAMEWORK_HEADER = YES;
				CLANG_WARN_RANGE_LOOP_ANALYSIS = YES;
				CLANG_WARN_STRICT_PROTOTYPES = YES;
				CLANG_WARN_SUSPICIOUS_MOVE = YES;
				CLANG_WARN_UNGUARDED_AVAILABILITY = YES_AGGRESSIVE;
				CLANG_WARN_UNREACHABLE_CODE = YES;
				CLANG_WARN__DUPLICATE_METHOD_MATCH = YES;
				COPY_PHASE_STRIP = NO;
				DEBUG_INFORMATION_FORMAT = "dwarf-with-dsym";
				ENABLE_NS_ASSERTIONS = NO;
				ENABLE_STRICT_OBJC_MSGSEND = YES;
				GCC_C_LANGUAGE_STANDARD = gnu11;
				GCC_NO_COMMON_BLOCKS = YES;
				GCC_WARN_64_TO_32_BIT_CONVERSION = YES;
				GCC_WARN_ABOUT_RETURN_TYPE = YES_ERROR;
				GCC_WARN_UNDECLARED_SELECTOR = YES;
				GCC_WARN_UNINITIALIZED_AUTOS = YES_AGGRESSIVE;
				GCC_WARN_UNUSED_FUNCTION = YES;
				GCC_WARN_UNUSED_VARIABLE = YES;
				IPHONEOS_DEPLOYMENT_TARGET = 16.2;
				MTL_ENABLE_DEBUG_INFO = NO;
				MTL_FAST_MATH = YES;
				SDKROOT = iphoneos;
				SWIFT_COMPILATION_MODE = wholemodule;
				SWIFT_OPTIMIZATION_LEVEL = "-O";
				VALIDATE_PRODUCT = YES;
			};
			name = Release;
		};
		079F611029B971B600D92CEE /* Debug */ = {
			isa = XCBuildConfiguration;
			buildSettings = {
				ASSETCATALOG_COMPILER_APPICON_NAME = AppIcon;
				ASSETCATALOG_COMPILER_GLOBAL_ACCENT_COLOR_NAME = AccentColor;
				CODE_SIGN_STYLE = Automatic;
				CURRENT_PROJECT_VERSION = 1;
				DEVELOPMENT_ASSET_PATHS = "\"DessertRecipes/Preview Content\"";
				DEVELOPMENT_TEAM = EX4A62VUFH;
				ENABLE_PREVIEWS = YES;
				GENERATE_INFOPLIST_FILE = YES;
				INFOPLIST_KEY_UIApplicationSceneManifest_Generation = YES;
				INFOPLIST_KEY_UIApplicationSupportsIndirectInputEvents = YES;
				INFOPLIST_KEY_UILaunchScreen_Generation = YES;
				INFOPLIST_KEY_UISupportedInterfaceOrientations_iPad = "UIInterfaceOrientationPortrait UIInterfaceOrientationPortraitUpsideDown UIInterfaceOrientationLandscapeLeft UIInterfaceOrientationLandscapeRight";
				INFOPLIST_KEY_UISupportedInterfaceOrientations_iPhone = "UIInterfaceOrientationPortrait UIInterfaceOrientationLandscapeLeft UIInterfaceOrientationLandscapeRight";
				LD_RUNPATH_SEARCH_PATHS = (
					"$(inherited)",
					"@executable_path/Frameworks",
				);
				MARKETING_VERSION = 1.0;
				PRODUCT_BUNDLE_IDENTIFIER = com.BC.DessertRecipes;
				PRODUCT_NAME = "$(TARGET_NAME)";
				SWIFT_EMIT_LOC_STRINGS = YES;
				SWIFT_VERSION = 5.0;
				TARGETED_DEVICE_FAMILY = "1,2";
			};
			name = Debug;
		};
		079F611129B971B600D92CEE /* Release */ = {
			isa = XCBuildConfiguration;
			buildSettings = {
				ASSETCATALOG_COMPILER_APPICON_NAME = AppIcon;
				ASSETCATALOG_COMPILER_GLOBAL_ACCENT_COLOR_NAME = AccentColor;
				CODE_SIGN_STYLE = Automatic;
				CURRENT_PROJECT_VERSION = 1;
				DEVELOPMENT_ASSET_PATHS = "\"DessertRecipes/Preview Content\"";
				DEVELOPMENT_TEAM = EX4A62VUFH;
				ENABLE_PREVIEWS = YES;
				GENERATE_INFOPLIST_FILE = YES;
				INFOPLIST_KEY_UIApplicationSceneManifest_Generation = YES;
				INFOPLIST_KEY_UIApplicationSupportsIndirectInputEvents = YES;
				INFOPLIST_KEY_UILaunchScreen_Generation = YES;
				INFOPLIST_KEY_UISupportedInterfaceOrientations_iPad = "UIInterfaceOrientationPortrait UIInterfaceOrientationPortraitUpsideDown UIInterfaceOrientationLandscapeLeft UIInterfaceOrientationLandscapeRight";
				INFOPLIST_KEY_UISupportedInterfaceOrientations_iPhone = "UIInterfaceOrientationPortrait UIInterfaceOrientationLandscapeLeft UIInterfaceOrientationLandscapeRight";
				LD_RUNPATH_SEARCH_PATHS = (
					"$(inherited)",
					"@executable_path/Frameworks",
				);
				MARKETING_VERSION = 1.0;
				PRODUCT_BUNDLE_IDENTIFIER = com.BC.DessertRecipes;
				PRODUCT_NAME = "$(TARGET_NAME)";
				SWIFT_EMIT_LOC_STRINGS = YES;
				SWIFT_VERSION = 5.0;
				TARGETED_DEVICE_FAMILY = "1,2";
			};
			name = Release;
		};
		079F611329B971B600D92CEE /* Debug */ = {
			isa = XCBuildConfiguration;
			buildSettings = {
				ALWAYS_EMBED_SWIFT_STANDARD_LIBRARIES = YES;
				BUNDLE_LOADER = "$(TEST_HOST)";
				CODE_SIGN_STYLE = Automatic;
				CURRENT_PROJECT_VERSION = 1;
				DEVELOPMENT_TEAM = EX4A62VUFH;
				GENERATE_INFOPLIST_FILE = YES;
				IPHONEOS_DEPLOYMENT_TARGET = 16.2;
				MARKETING_VERSION = 1.0;
				PRODUCT_BUNDLE_IDENTIFIER = com.BC.DessertRecipesTests;
				PRODUCT_NAME = "$(TARGET_NAME)";
				SWIFT_EMIT_LOC_STRINGS = NO;
				SWIFT_VERSION = 5.0;
				TARGETED_DEVICE_FAMILY = "1,2";
				TEST_HOST = "$(BUILT_PRODUCTS_DIR)/DessertRecipes.app/$(BUNDLE_EXECUTABLE_FOLDER_PATH)/DessertRecipes";
			};
			name = Debug;
		};
		079F611429B971B600D92CEE /* Release */ = {
			isa = XCBuildConfiguration;
			buildSettings = {
				ALWAYS_EMBED_SWIFT_STANDARD_LIBRARIES = YES;
				BUNDLE_LOADER = "$(TEST_HOST)";
				CODE_SIGN_STYLE = Automatic;
				CURRENT_PROJECT_VERSION = 1;
				DEVELOPMENT_TEAM = EX4A62VUFH;
				GENERATE_INFOPLIST_FILE = YES;
				IPHONEOS_DEPLOYMENT_TARGET = 16.2;
				MARKETING_VERSION = 1.0;
				PRODUCT_BUNDLE_IDENTIFIER = com.BC.DessertRecipesTests;
				PRODUCT_NAME = "$(TARGET_NAME)";
				SWIFT_EMIT_LOC_STRINGS = NO;
				SWIFT_VERSION = 5.0;
				TARGETED_DEVICE_FAMILY = "1,2";
				TEST_HOST = "$(BUILT_PRODUCTS_DIR)/DessertRecipes.app/$(BUNDLE_EXECUTABLE_FOLDER_PATH)/DessertRecipes";
			};
			name = Release;
		};
		079F611629B971B600D92CEE /* Debug */ = {
			isa = XCBuildConfiguration;
			buildSettings = {
				ALWAYS_EMBED_SWIFT_STANDARD_LIBRARIES = YES;
				CODE_SIGN_STYLE = Automatic;
				CURRENT_PROJECT_VERSION = 1;
				DEVELOPMENT_TEAM = EX4A62VUFH;
				GENERATE_INFOPLIST_FILE = YES;
				MARKETING_VERSION = 1.0;
				PRODUCT_BUNDLE_IDENTIFIER = com.BC.DessertRecipesUITests;
				PRODUCT_NAME = "$(TARGET_NAME)";
				SWIFT_EMIT_LOC_STRINGS = NO;
				SWIFT_VERSION = 5.0;
				TARGETED_DEVICE_FAMILY = "1,2";
				TEST_TARGET_NAME = DessertRecipes;
			};
			name = Debug;
		};
		079F611729B971B600D92CEE /* Release */ = {
			isa = XCBuildConfiguration;
			buildSettings = {
				ALWAYS_EMBED_SWIFT_STANDARD_LIBRARIES = YES;
				CODE_SIGN_STYLE = Automatic;
				CURRENT_PROJECT_VERSION = 1;
				DEVELOPMENT_TEAM = EX4A62VUFH;
				GENERATE_INFOPLIST_FILE = YES;
				MARKETING_VERSION = 1.0;
				PRODUCT_BUNDLE_IDENTIFIER = com.BC.DessertRecipesUITests;
				PRODUCT_NAME = "$(TARGET_NAME)";
				SWIFT_EMIT_LOC_STRINGS = NO;
				SWIFT_VERSION = 5.0;
				TARGETED_DEVICE_FAMILY = "1,2";
				TEST_TARGET_NAME = DessertRecipes;
			};
			name = Release;
		};
/* End XCBuildConfiguration section */

/* Begin XCConfigurationList section */
		079F60E629B971B400D92CEE /* Build configuration list for PBXProject "DessertRecipes" */ = {
			isa = XCConfigurationList;
			buildConfigurations = (
				079F610D29B971B600D92CEE /* Debug */,
				079F610E29B971B600D92CEE /* Release */,
			);
			defaultConfigurationIsVisible = 0;
			defaultConfigurationName = Release;
		};
		079F610F29B971B600D92CEE /* Build configuration list for PBXNativeTarget "DessertRecipes" */ = {
			isa = XCConfigurationList;
			buildConfigurations = (
				079F611029B971B600D92CEE /* Debug */,
				079F611129B971B600D92CEE /* Release */,
			);
			defaultConfigurationIsVisible = 0;
			defaultConfigurationName = Release;
		};
		079F611229B971B600D92CEE /* Build configuration list for PBXNativeTarget "DessertRecipesTests" */ = {
			isa = XCConfigurationList;
			buildConfigurations = (
				079F611329B971B600D92CEE /* Debug */,
				079F611429B971B600D92CEE /* Release */,
			);
			defaultConfigurationIsVisible = 0;
			defaultConfigurationName = Release;
		};
		079F611529B971B600D92CEE /* Build configuration list for PBXNativeTarget "DessertRecipesUITests" */ = {
			isa = XCConfigurationList;
			buildConfigurations = (
				079F611629B971B600D92CEE /* Debug */,
				079F611729B971B600D92CEE /* Release */,
			);
			defaultConfigurationIsVisible = 0;
			defaultConfigurationName = Release;
		};
/* End XCConfigurationList section */
	};
	rootObject = 079F60E329B971B400D92CEE /* Project object */;
}
